
Microsoft Visual Studio Solution File, Format Version 12.00
# Visual Studio Version 16
VisualStudioVersion = 16.0.29613.14
MinimumVisualStudioVersion = 10.0.40219.1
Project("{9A19103F-16F7-4668-BE54-9A1E7A4F7556}") = "MatchesManagement.Infrastructure", "MatchesManagement.Infrastructure\MatchesManagement.Infrastructure.csproj", "{83B5AF38-0FB7-4EA1-9874-CFEA518ACA36}"
EndProject
Project("{FAE04EC0-301F-11D3-BF4B-00C04F79EFBC}") = "MatchesManagement.Domain", "MatchesManagement.Domain\MatchesManagement.Domain.csproj", "{0B5BB53B-61FB-4F4F-8A17-E03BE27E3014}"
EndProject
Project("{FAE04EC0-301F-11D3-BF4B-00C04F79EFBC}") = "MatchesManagement.API", "MatchesManagement.API\MatchesManagement.API.csproj", "{9C3C74AC-D107-4864-901D-E7C223581C4B}"
EndProject
Global
	GlobalSection(SolutionConfigurationPlatforms) = preSolution
		Debug|Any CPU = Debug|Any CPU
		Release|Any CPU = Release|Any CPU
	EndGlobalSection
	GlobalSection(ProjectConfigurationPlatforms) = postSolution
		{83B5AF38-0FB7-4EA1-9874-CFEA518ACA36}.Debug|Any CPU.ActiveCfg = Debug|Any CPU
		{83B5AF38-0FB7-4EA1-9874-CFEA518ACA36}.Debug|Any CPU.Build.0 = Debug|Any CPU
		{83B5AF38-0FB7-4EA1-9874-CFEA518ACA36}.Release|Any CPU.ActiveCfg = Release|Any CPU
		{83B5AF38-0FB7-4EA1-9874-CFEA518ACA36}.Release|Any CPU.Build.0 = Release|Any CPU
		{0B5BB53B-61FB-4F4F-8A17-E03BE27E3014}.Debug|Any CPU.ActiveCfg = Debug|Any CPU
		{0B5BB53B-61FB-4F4F-8A17-E03BE27E3014}.Debug|Any CPU.Build.0 = Debug|Any CPU
		{0B5BB53B-61FB-4F4F-8A17-E03BE27E3014}.Release|Any CPU.ActiveCfg = Release|Any CPU
		{0B5BB53B-61FB-4F4F-8A17-E03BE27E3014}.Release|Any CPU.Build.0 = Release|Any CPU
		{9C3C74AC-D107-4864-901D-E7C223581C4B}.Debug|Any CPU.ActiveCfg = Debug|Any CPU
		{9C3C74AC-D107-4864-901D-E7C223581C4B}.Debug|Any CPU.Build.0 = Debug|Any CPU
		{9C3C74AC-D107-4864-901D-E7C223581C4B}.Release|Any CPU.ActiveCfg = Release|Any CPU
		{9C3C74AC-D107-4864-901D-E7C223581C4B}.Release|Any CPU.Build.0 = Release|Any CPU
	EndGlobalSection
	GlobalSection(SolutionProperties) = preSolution
		HideSolutionNode = FALSE
	EndGlobalSection
	GlobalSection(ExtensibilityGlobals) = postSolution
		SolutionGuid = {721C0ACA-F8DB-45F1-8030-116AD868704E}
	EndGlobalSection
EndGlobal
