
Microsoft Visual Studio Solution File, Format Version 12.00
# Visual Studio Version 16
VisualStudioVersion = 16.0.29613.14
MinimumVisualStudioVersion = 10.0.40219.1
Project("{FAE04EC0-301F-11D3-BF4B-00C04F79EFBC}") = "ChatsManagement.Infrastructure", "ChatsManagement.Infrastructure\ChatsManagement.Infrastructure.csproj", "{5E279253-1BCC-4B7A-8C89-3DC9F656CC71}"
EndProject
Project("{FAE04EC0-301F-11D3-BF4B-00C04F79EFBC}") = "ChatsManagement.Domain", "ChatsManagement.Domain\ChatsManagement.Domain.csproj", "{D7F4E8A4-235D-451D-911A-2DA52E4884FA}"
EndProject
Global
	GlobalSection(SolutionConfigurationPlatforms) = preSolution
		Debug|Any CPU = Debug|Any CPU
		Release|Any CPU = Release|Any CPU
	EndGlobalSection
	GlobalSection(ProjectConfigurationPlatforms) = postSolution
		{5E279253-1BCC-4B7A-8C89-3DC9F656CC71}.Debug|Any CPU.ActiveCfg = Debug|Any CPU
		{5E279253-1BCC-4B7A-8C89-3DC9F656CC71}.Debug|Any CPU.Build.0 = Debug|Any CPU
		{5E279253-1BCC-4B7A-8C89-3DC9F656CC71}.Release|Any CPU.ActiveCfg = Release|Any CPU
		{5E279253-1BCC-4B7A-8C89-3DC9F656CC71}.Release|Any CPU.Build.0 = Release|Any CPU
		{D7F4E8A4-235D-451D-911A-2DA52E4884FA}.Debug|Any CPU.ActiveCfg = Debug|Any CPU
		{D7F4E8A4-235D-451D-911A-2DA52E4884FA}.Debug|Any CPU.Build.0 = Debug|Any CPU
		{D7F4E8A4-235D-451D-911A-2DA52E4884FA}.Release|Any CPU.ActiveCfg = Release|Any CPU
		{D7F4E8A4-235D-451D-911A-2DA52E4884FA}.Release|Any CPU.Build.0 = Release|Any CPU
	EndGlobalSection
	GlobalSection(SolutionProperties) = preSolution
		HideSolutionNode = FALSE
	EndGlobalSection
	GlobalSection(ExtensibilityGlobals) = postSolution
		SolutionGuid = {8CD06028-177C-4D7C-A404-38D1AE2B4BBF}
	EndGlobalSection
EndGlobal
